
Microsoft Visual Studio Solution File, Format Version 12.00
# Visual Studio Version 17
VisualStudioVersion = 17.0.32112.339
MinimumVisualStudioVersion = 10.0.40219.1
Project("{FAE04EC0-301F-11D3-BF4B-00C04F79EFBC}") = "NutritionUniverse", "NutritionUniverse\NutritionUniverse.csproj", "{0F41693C-A03E-4E6E-9C25-2F24C706AA74}"
EndProject
Global
	GlobalSection(SolutionConfigurationPlatforms) = preSolution
		Debug|Any CPU = Debug|Any CPU
		Release|Any CPU = Release|Any CPU
	EndGlobalSection
	GlobalSection(ProjectConfigurationPlatforms) = postSolution
		{0F41693C-A03E-4E6E-9C25-2F24C706AA74}.Debug|Any CPU.ActiveCfg = Debug|Any CPU
		{0F41693C-A03E-4E6E-9C25-2F24C706AA74}.Debug|Any CPU.Build.0 = Debug|Any CPU
		{0F41693C-A03E-4E6E-9C25-2F24C706AA74}.Release|Any CPU.ActiveCfg = Release|Any CPU
		{0F41693C-A03E-4E6E-9C25-2F24C706AA74}.Release|Any CPU.Build.0 = Release|Any CPU
	EndGlobalSection
	GlobalSection(SolutionProperties) = preSolution
		HideSolutionNode = FALSE
	EndGlobalSection
	GlobalSection(ExtensibilityGlobals) = postSolution
		SolutionGuid = {5F36AC00-48A5-424A-852D-0AC6AB019B24}
	EndGlobalSection
EndGlobal
